
Microsoft Visual Studio Solution File, Format Version 12.00
# Visual Studio 2012
Project("{FAE04EC0-301F-11D3-BF4B-00C04F79EFBC}") = "culqi.net", "culqi.net.csproj", "{FDCB25A7-5BDA-41E6-81FE-E6E2FB359013}"
EndProject
Global
	GlobalSection(SolutionConfigurationPlatforms) = preSolution
		Debug|Any CPU = Debug|Any CPU
		Release|Any CPU = Release|Any CPU
	EndGlobalSection
	GlobalSection(ProjectConfigurationPlatforms) = postSolution
		{FDCB25A7-5BDA-41E6-81FE-E6E2FB359013}.Debug|Any CPU.ActiveCfg = Debug|Any CPU
		{FDCB25A7-5BDA-41E6-81FE-E6E2FB359013}.Debug|Any CPU.Build.0 = Debug|Any CPU
		{FDCB25A7-5BDA-41E6-81FE-E6E2FB359013}.Release|Any CPU.ActiveCfg = Release|Any CPU
		{FDCB25A7-5BDA-41E6-81FE-E6E2FB359013}.Release|Any CPU.Build.0 = Release|Any CPU
	EndGlobalSection
EndGlobal
