
Microsoft Visual Studio Solution File, Format Version 12.00
# Visual Studio Version 17
VisualStudioVersion = 17.7.34003.232
MinimumVisualStudioVersion = 10.0.40219.1
Project("{FAE04EC0-301F-11D3-BF4B-00C04F79EFBC}") = "LibCulqi", "LibCulqi\LibCulqi.csproj", "{4229FD9D-365F-4028-A21C-E0E78691AF73}"
EndProject
Project("{FAE04EC0-301F-11D3-BF4B-00C04F79EFBC}") = "Pruebas", "E:\culqi-net_framework\culqi.net\Pruebas\Pruebas.csproj", "{E6521B35-CF84-436B-96CA-4F1A1A9C76A9}"
EndProject
Global
	GlobalSection(SolutionConfigurationPlatforms) = preSolution
		Debug|Any CPU = Debug|Any CPU
		Release|Any CPU = Release|Any CPU
	EndGlobalSection
	GlobalSection(ProjectConfigurationPlatforms) = postSolution
		{4229FD9D-365F-4028-A21C-E0E78691AF73}.Debug|Any CPU.ActiveCfg = Debug|Any CPU
		{4229FD9D-365F-4028-A21C-E0E78691AF73}.Debug|Any CPU.Build.0 = Debug|Any CPU
		{4229FD9D-365F-4028-A21C-E0E78691AF73}.Release|Any CPU.ActiveCfg = Release|Any CPU
		{4229FD9D-365F-4028-A21C-E0E78691AF73}.Release|Any CPU.Build.0 = Release|Any CPU
		{E6521B35-CF84-436B-96CA-4F1A1A9C76A9}.Debug|Any CPU.ActiveCfg = Debug|Any CPU
		{E6521B35-CF84-436B-96CA-4F1A1A9C76A9}.Debug|Any CPU.Build.0 = Debug|Any CPU
		{E6521B35-CF84-436B-96CA-4F1A1A9C76A9}.Release|Any CPU.ActiveCfg = Release|Any CPU
		{E6521B35-CF84-436B-96CA-4F1A1A9C76A9}.Release|Any CPU.Build.0 = Release|Any CPU
	EndGlobalSection
	GlobalSection(SolutionProperties) = preSolution
		HideSolutionNode = FALSE
	EndGlobalSection
	GlobalSection(ExtensibilityGlobals) = postSolution
		SolutionGuid = {758BB42E-E247-4E06-A7A3-817A2FFE0295}
	EndGlobalSection
EndGlobal
